
Microsoft Visual Studio Solution File, Format Version 12.00
# Visual Studio Version 17
VisualStudioVersion = 17.12.35527.113 d17.12
MinimumVisualStudioVersion = 10.0.40219.1
Project("{FAE04EC0-301F-11D3-BF4B-00C04F79EFBC}") = "API-CV", "API-CV\API-CV.csproj", "{7B38EE5C-CB18-4852-80C9-4E15BA6F777A}"
EndProject
Global
	GlobalSection(SolutionConfigurationPlatforms) = preSolution
		Debug|Any CPU = Debug|Any CPU
		Release|Any CPU = Release|Any CPU
	EndGlobalSection
	GlobalSection(ProjectConfigurationPlatforms) = postSolution
		{7B38EE5C-CB18-4852-80C9-4E15BA6F777A}.Debug|Any CPU.ActiveCfg = Debug|Any CPU
		{7B38EE5C-CB18-4852-80C9-4E15BA6F777A}.Debug|Any CPU.Build.0 = Debug|Any CPU
		{7B38EE5C-CB18-4852-80C9-4E15BA6F777A}.Release|Any CPU.ActiveCfg = Release|Any CPU
		{7B38EE5C-CB18-4852-80C9-4E15BA6F777A}.Release|Any CPU.Build.0 = Release|Any CPU
	EndGlobalSection
	GlobalSection(SolutionProperties) = preSolution
		HideSolutionNode = FALSE
	EndGlobalSection
EndGlobal
